// !$*UTF8*$!
{
	archiveVersion = 1;
	classes = {
	};
	objectVersion = 55;
	objects = {

/* Begin PBXBuildFile section */
		A1924895285F3ADF00781CE7 /* Home.swift in Sources */ = {isa = PBXBuildFile; fileRef = A1924894285F3ADF00781CE7 /* Home.swift */; };
		A1FB3B1727E08C86005CBC78 /* TiktokApp.swift in Sources */ = {isa = PBXBuildFile; fileRef = A1FB3B1627E08C86005CBC78 /* TiktokApp.swift */; };
		A1FB3B1927E08C86005CBC78 /* ContentView.swift in Sources */ = {isa = PBXBuildFile; fileRef = A1FB3B1827E08C86005CBC78 /* ContentView.swift */; };
		A1FB3B1B27E08C8B005CBC78 /* Assets.xcassets in Resources */ = {isa = PBXBuildFile; fileRef = A1FB3B1A27E08C8B005CBC78 /* Assets.xcassets */; };
		A1FB3B1E27E08C8B005CBC78 /* Preview Assets.xcassets in Resources */ = {isa = PBXBuildFile; fileRef = A1FB3B1D27E08C8B005CBC78 /* Preview Assets.xcassets */; };
		A1FB3B2A27E08D5D005CBC78 /* video4.mp4 in Resources */ = {isa = PBXBuildFile; fileRef = A1FB3B2427E08D5B005CBC78 /* video4.mp4 */; };
		A1FB3B2B27E08D5D005CBC78 /* video6.mp4 in Resources */ = {isa = PBXBuildFile; fileRef = A1FB3B2527E08D5B005CBC78 /* video6.mp4 */; };
		A1FB3B2C27E08D5D005CBC78 /* video5.mp4 in Resources */ = {isa = PBXBuildFile; fileRef = A1FB3B2627E08D5C005CBC78 /* video5.mp4 */; };
		A1FB3B2D27E08D5D005CBC78 /* video2.mp4 in Resources */ = {isa = PBXBuildFile; fileRef = A1FB3B2727E08D5C005CBC78 /* video2.mp4 */; };
		A1FB3B2E27E08D5D005CBC78 /* video1.mp4 in Resources */ = {isa = PBXBuildFile; fileRef = A1FB3B2827E08D5D005CBC78 /* video1.mp4 */; };
		A1FB3B2F27E08D5D005CBC78 /* video3.mp4 in Resources */ = {isa = PBXBuildFile; fileRef = A1FB3B2927E08D5D005CBC78 /* video3.mp4 */; };
/* End PBXBuildFile section */

/* Begin PBXFileReference section */
		A1924894285F3ADF00781CE7 /* Home.swift */ = {isa = PBXFileReference; lastKnownFileType = sourcecode.swift; path = Home.swift; sourceTree = "<group>"; };
		A1FB3B1327E08C86005CBC78 /* Tiktok.app */ = {isa = PBXFileReference; explicitFileType = wrapper.application; includeInIndex = 0; path = Tiktok.app; sourceTree = BUILT_PRODUCTS_DIR; };
		A1FB3B1627E08C86005CBC78 /* TiktokApp.swift */ = {isa = PBXFileReference; lastKnownFileType = sourcecode.swift; path = TiktokApp.swift; sourceTree = "<group>"; };
		A1FB3B1827E08C86005CBC78 /* ContentView.swift */ = {isa = PBXFileReference; lastKnownFileType = sourcecode.swift; path = ContentView.swift; sourceTree = "<group>"; };
		A1FB3B1A27E08C8B005CBC78 /* Assets.xcassets */ = {isa = PBXFileReference; lastKnownFileType = folder.assetcatalog; path = Assets.xcassets; sourceTree = "<group>"; };
		A1FB3B1D27E08C8B005CBC78 /* Preview Assets.xcassets */ = {isa = PBXFileReference; lastKnownFileType = folder.assetcatalog; path = "Preview Assets.xcassets"; sourceTree = "<group>"; };
		A1FB3B2427E08D5B005CBC78 /* video4.mp4 */ = {isa = PBXFileReference; lastKnownFileType = file; path = video4.mp4; sourceTree = "<group>"; };
		A1FB3B2527E08D5B005CBC78 /* video6.mp4 */ = {isa = PBXFileReference; lastKnownFileType = file; path = video6.mp4; sourceTree = "<group>"; };
		A1FB3B2627E08D5C005CBC78 /* video5.mp4 */ = {isa = PBXFileReference; lastKnownFileType = file; path = video5.mp4; sourceTree = "<group>"; };
		A1FB3B2727E08D5C005CBC78 /* video2.mp4 */ = {isa = PBXFileReference; lastKnownFileType = file; path = video2.mp4; sourceTree = "<group>"; };
		A1FB3B2827E08D5D005CBC78 /* video1.mp4 */ = {isa = PBXFileReference; lastKnownFileType = file; path = video1.mp4; sourceTree = "<group>"; };
		A1FB3B2927E08D5D005CBC78 /* video3.mp4 */ = {isa = PBXFileReference; lastKnownFileType = file; path = video3.mp4; sourceTree = "<group>"; };
/* End PBXFileReference section */

/* Begin PBXFrameworksBuildPhase section */
		A1FB3B1027E08C86005CBC78 /* Frameworks */ = {
			isa = PBXFrameworksBuildPhase;
			buildActionMask = 2147483647;
			files = (
			);
			runOnlyForDeploymentPostprocessing = 0;
		};
/* End PBXFrameworksBuildPhase section */

/* Begin PBXGroup section */
		A1924891285F064000781CE7 /* Videos */ = {
			isa = PBXGroup;
			children = (
				A1FB3B2827E08D5D005CBC78 /* video1.mp4 */,
				A1FB3B2727E08D5C005CBC78 /* video2.mp4 */,
				A1FB3B2927E08D5D005CBC78 /* video3.mp4 */,
				A1FB3B2427E08D5B005CBC78 /* video4.mp4 */,
				A1FB3B2627E08D5C005CBC78 /* video5.mp4 */,
				A1FB3B2527E08D5B005CBC78 /* video6.mp4 */,
			);
			path = Videos;
			sourceTree = "<group>";
		};
		A1924892285F065900781CE7 /* View */ = {
			isa = PBXGroup;
			children = (
				A1FB3B1827E08C86005CBC78 /* ContentView.swift */,
				A1924894285F3ADF00781CE7 /* Home.swift */,
			);
			path = View;
			sourceTree = "<group>";
		};
		A1924893285F066600781CE7 /* Model */ = {
			isa = PBXGroup;
			children = (
			);
			path = Model;
			sourceTree = "<group>";
		};
		A1FB3B0A27E08C86005CBC78 = {
			isa = PBXGroup;
			children = (
				A1924892285F065900781CE7 /* View */,
				A1924893285F066600781CE7 /* Model */,
				A1924891285F064000781CE7 /* Videos */,
				A1FB3B1527E08C86005CBC78 /* Tiktok */,
				A1FB3B1427E08C86005CBC78 /* Products */,
			);
			sourceTree = "<group>";
		};
		A1FB3B1427E08C86005CBC78 /* Products */ = {
			isa = PBXGroup;
			children = (
				A1FB3B1327E08C86005CBC78 /* Tiktok.app */,
			);
			name = Products;
			sourceTree = "<group>";
		};
		A1FB3B1527E08C86005CBC78 /* Tiktok */ = {
			isa = PBXGroup;
			children = (
				A1FB3B1627E08C86005CBC78 /* TiktokApp.swift */,
				A1FB3B1A27E08C8B005CBC78 /* Assets.xcassets */,
				A1FB3B1C27E08C8B005CBC78 /* Preview Content */,
			);
			path = Tiktok;
			sourceTree = "<group>";
		};
		A1FB3B1C27E08C8B005CBC78 /* Preview Content */ = {
			isa = PBXGroup;
			children = (
				A1FB3B1D27E08C8B005CBC78 /* Preview Assets.xcassets */,
			);
			path = "Preview Content";
			sourceTree = "<group>";
		};
/* End PBXGroup section */

/* Begin PBXNativeTarget section */
		A1FB3B1227E08C86005CBC78 /* Tiktok */ = {
			isa = PBXNativeTarget;
			buildConfigurationList = A1FB3B2127E08C8B005CBC78 /* Build configuration list for PBXNativeTarget "Tiktok" */;
			buildPhases = (
				A1FB3B0F27E08C86005CBC78 /* Sources */,
				A1FB3B1027E08C86005CBC78 /* Frameworks */,
				A1FB3B1127E08C86005CBC78 /* Resources */,
			);
			buildRules = (
			);
			dependencies = (
			);
			name = Tiktok;
			productName = Tiktok;
			productReference = A1FB3B1327E08C86005CBC78 /* Tiktok.app */;
			productType = "com.apple.product-type.application";
		};
/* End PBXNativeTarget section */

/* Begin PBXProject section */
		A1FB3B0B27E08C86005CBC78 /* Project object */ = {
			isa = PBXProject;
			attributes = {
				BuildIndependentTargetsInParallel = 1;
				LastSwiftUpdateCheck = 1310;
				LastUpgradeCheck = 1310;
				TargetAttributes = {
					A1FB3B1227E08C86005CBC78 = {
						CreatedOnToolsVersion = 13.1;
					};
				};
			};
			buildConfigurationList = A1FB3B0E27E08C86005CBC78 /* Build configuration list for PBXProject "Tiktok" */;
			compatibilityVersion = "Xcode 13.0";
			developmentRegion = en;
			hasScannedForEncodings = 0;
			knownRegions = (
				en,
				Base,
			);
			mainGroup = A1FB3B0A27E08C86005CBC78;
			productRefGroup = A1FB3B1427E08C86005CBC78 /* Products */;
			projectDirPath = "";
			projectRoot = "";
			targets = (
				A1FB3B1227E08C86005CBC78 /* Tiktok */,
			);
		};
/* End PBXProject section */

/* Begin PBXResourcesBuildPhase section */
		A1FB3B1127E08C86005CBC78 /* Resources */ = {
			isa = PBXResourcesBuildPhase;
			buildActionMask = 2147483647;
			files = (
				A1FB3B2A27E08D5D005CBC78 /* video4.mp4 in Resources */,
				A1FB3B2B27E08D5D005CBC78 /* video6.mp4 in Resources */,
				A1FB3B2C27E08D5D005CBC78 /* video5.mp4 in Resources */,
				A1FB3B2D27E08D5D005CBC78 /* video2.mp4 in Resources */,
				A1FB3B2E27E08D5D005CBC78 /* video1.mp4 in Resources */,
				A1FB3B2F27E08D5D005CBC78 /* video3.mp4 in Resources */,
				A1FB3B1E27E08C8B005CBC78 /* Preview Assets.xcassets in Resources */,
				A1FB3B1B27E08C8B005CBC78 /* Assets.xcassets in Resources */,
			);
			runOnlyForDeploymentPostprocessing = 0;
		};
/* End PBXResourcesBuildPhase section */

/* Begin PBXSourcesBuildPhase section */
		A1FB3B0F27E08C86005CBC78 /* Sources */ = {
			isa = PBXSourcesBuildPhase;
			buildActionMask = 2147483647;
			files = (
				A1FB3B1927E08C86005CBC78 /* ContentView.swift in Sources */,
				A1924895285F3ADF00781CE7 /* Home.swift in Sources */,
				A1FB3B1727E08C86005CBC78 /* TiktokApp.swift in Sources */,
			);
			runOnlyForDeploymentPostprocessing = 0;
		};
/* End PBXSourcesBuildPhase section */

/* Begin XCBuildConfiguration section */
		A1FB3B1F27E08C8B005CBC78 /* Debug */ = {
			isa = XCBuildConfiguration;
			buildSettings = {
				ALWAYS_SEARCH_USER_PATHS = NO;
				CLANG_ANALYZER_NONNULL = YES;
				CLANG_ANALYZER_NUMBER_OBJECT_CONVERSION = YES_AGGRESSIVE;
				CLANG_CXX_LANGUAGE_STANDARD = "gnu++17";
				CLANG_CXX_LIBRARY = "libc++";
				CLANG_ENABLE_MODULES = YES;
				CLANG_ENABLE_OBJC_ARC = YES;
				CLANG_ENABLE_OBJC_WEAK = YES;
				CLANG_WARN_BLOCK_CAPTURE_AUTORELEASING = YES;
				CLANG_WARN_BOOL_CONVERSION = YES;
				CLANG_WARN_COMMA = YES;
				CLANG_WARN_CONSTANT_CONVERSION = YES;
				CLANG_WARN_DEPRECATED_OBJC_IMPLEMENTATIONS = YES;
				CLANG_WARN_DIRECT_OBJC_ISA_USAGE = YES_ERROR;
				CLANG_WARN_DOCUMENTATION_COMMENTS = YES;
				CLANG_WARN_EMPTY_BODY = YES;
				CLANG_WARN_ENUM_CONVERSION = YES;
				CLANG_WARN_INFINITE_RECURSION = YES;
				CLANG_WARN_INT_CONVERSION = YES;
				CLANG_WARN_NON_LITERAL_NULL_CONVERSION = YES;
				CLANG_WARN_OBJC_IMPLICIT_RETAIN_SELF = YES;
				CLANG_WARN_OBJC_LITERAL_CONVERSION = YES;
				CLANG_WARN_OBJC_ROOT_CLASS = YES_ERROR;
				CLANG_WARN_QUOTED_INCLUDE_IN_FRAMEWORK_HEADER = YES;
				CLANG_WARN_RANGE_LOOP_ANALYSIS = YES;
				CLANG_WARN_STRICT_PROTOTYPES = YES;
				CLANG_WARN_SUSPICIOUS_MOVE = YES;
				CLANG_WARN_UNGUARDED_AVAILABILITY = YES_AGGRESSIVE;
				CLANG_WARN_UNREACHABLE_CODE = YES;
				CLANG_WARN__DUPLICATE_METHOD_MATCH = YES;
				COPY_PHASE_STRIP = NO;
				DEBUG_INFORMATION_FORMAT = dwarf;
				ENABLE_STRICT_OBJC_MSGSEND = YES;
				ENABLE_TESTABILITY = YES;
				GCC_C_LANGUAGE_STANDARD = gnu11;
				GCC_DYNAMIC_NO_PIC = NO;
				GCC_NO_COMMON_BLOCKS = YES;
				GCC_OPTIMIZATION_LEVEL = 0;
				GCC_PREPROCESSOR_DEFINITIONS = (
					"DEBUG=1",
					"$(inherited)",
				);
				GCC_WARN_64_TO_32_BIT_CONVERSION = YES;
				GCC_WARN_ABOUT_RETURN_TYPE = YES_ERROR;
				GCC_WARN_UNDECLARED_SELECTOR = YES;
				GCC_WARN_UNINITIALIZED_AUTOS = YES_AGGRESSIVE;
				GCC_WARN_UNUSED_FUNCTION = YES;
				GCC_WARN_UNUSED_VARIABLE = YES;
				IPHONEOS_DEPLOYMENT_TARGET = 15.0;
				MTL_ENABLE_DEBUG_INFO = INCLUDE_SOURCE;
				MTL_FAST_MATH = YES;
				ONLY_ACTIVE_ARCH = YES;
				SDKROOT = iphoneos;
				SWIFT_ACTIVE_COMPILATION_CONDITIONS = DEBUG;
				SWIFT_OPTIMIZATION_LEVEL = "-Onone";
			};
			name = Debug;
		};
		A1FB3B2027E08C8B005CBC78 /* Release */ = {
			isa = XCBuildConfiguration;
			buildSettings = {
				ALWAYS_SEARCH_USER_PATHS = NO;
				CLANG_ANALYZER_NONNULL = YES;
				CLANG_ANALYZER_NUMBER_OBJECT_CONVERSION = YES_AGGRESSIVE;
				CLANG_CXX_LANGUAGE_STANDARD = "gnu++17";
				CLANG_CXX_LIBRARY = "libc++";
				CLANG_ENABLE_MODULES = YES;
				CLANG_ENABLE_OBJC_ARC = YES;
				CLANG_ENABLE_OBJC_WEAK = YES;
				CLANG_WARN_BLOCK_CAPTURE_AUTORELEASING = YES;
				CLANG_WARN_BOOL_CONVERSION = YES;
				CLANG_WARN_COMMA = YES;
				CLANG_WARN_CONSTANT_CONVERSION = YES;
				CLANG_WARN_DEPRECATED_OBJC_IMPLEMENTATIONS = YES;
				CLANG_WARN_DIRECT_OBJC_ISA_USAGE = YES_ERROR;
				CLANG_WARN_DOCUMENTATION_COMMENTS = YES;
				CLANG_WARN_EMPTY_BODY = YES;
				CLANG_WARN_ENUM_CONVERSION = YES;
				CLANG_WARN_INFINITE_RECURSION = YES;
				CLANG_WARN_INT_CONVERSION = YES;
				CLANG_WARN_NON_LITERAL_NULL_CONVERSION = YES;
				CLANG_WARN_OBJC_IMPLICIT_RETAIN_SELF = YES;
				CLANG_WARN_OBJC_LITERAL_CONVERSION = YES;
				CLANG_WARN_OBJC_ROOT_CLASS = YES_ERROR;
				CLANG_WARN_QUOTED_INCLUDE_IN_FRAMEWORK_HEADER = YES;
				CLANG_WARN_RANGE_LOOP_ANALYSIS = YES;
				CLANG_WARN_STRICT_PROTOTYPES = YES;
				CLANG_WARN_SUSPICIOUS_MOVE = YES;
				CLANG_WARN_UNGUARDED_AVAILABILITY = YES_AGGRESSIVE;
				CLANG_WARN_UNREACHABLE_CODE = YES;
				CLANG_WARN__DUPLICATE_METHOD_MATCH = YES;
				COPY_PHASE_STRIP = NO;
				DEBUG_INFORMATION_FORMAT = "dwarf-with-dsym";
				ENABLE_NS_ASSERTIONS = NO;
				ENABLE_STRICT_OBJC_MSGSEND = YES;
				GCC_C_LANGUAGE_STANDARD = gnu11;
				GCC_NO_COMMON_BLOCKS = YES;
				GCC_WARN_64_TO_32_BIT_CONVERSION = YES;
				GCC_WARN_ABOUT_RETURN_TYPE = YES_ERROR;
				GCC_WARN_UNDECLARED_SELECTOR = YES;
				GCC_WARN_UNINITIALIZED_AUTOS = YES_AGGRESSIVE;
				GCC_WARN_UNUSED_FUNCTION = YES;
				GCC_WARN_UNUSED_VARIABLE = YES;
				IPHONEOS_DEPLOYMENT_TARGET = 15.0;
				MTL_ENABLE_DEBUG_INFO = NO;
				MTL_FAST_MATH = YES;
				SDKROOT = iphoneos;
				SWIFT_COMPILATION_MODE = wholemodule;
				SWIFT_OPTIMIZATION_LEVEL = "-O";
				VALIDATE_PRODUCT = YES;
			};
			name = Release;
		};
		A1FB3B2227E08C8B005CBC78 /* Debug */ = {
			isa = XCBuildConfiguration;
			buildSettings = {
				ASSETCATALOG_COMPILER_APPICON_NAME = AppIcon;
				ASSETCATALOG_COMPILER_GLOBAL_ACCENT_COLOR_NAME = AccentColor;
				CODE_SIGN_STYLE = Automatic;
				CURRENT_PROJECT_VERSION = 1;
				DEVELOPMENT_ASSET_PATHS = "\"Tiktok/Preview Content\"";
				DEVELOPMENT_TEAM = 35KVTA4YKJ;
				ENABLE_PREVIEWS = YES;
				GENERATE_INFOPLIST_FILE = YES;
				INFOPLIST_KEY_UIApplicationSceneManifest_Generation = YES;
				INFOPLIST_KEY_UIApplicationSupportsIndirectInputEvents = YES;
				INFOPLIST_KEY_UILaunchScreen_Generation = YES;
				INFOPLIST_KEY_UISupportedInterfaceOrientations_iPad = "UIInterfaceOrientationPortrait UIInterfaceOrientationPortraitUpsideDown UIInterfaceOrientationLandscapeLeft UIInterfaceOrientationLandscapeRight";
				INFOPLIST_KEY_UISupportedInterfaceOrientations_iPhone = "UIInterfaceOrientationPortrait UIInterfaceOrientationLandscapeLeft UIInterfaceOrientationLandscapeRight";
				LD_RUNPATH_SEARCH_PATHS = (
					"$(inherited)",
					"@executable_path/Frameworks",
				);
				MARKETING_VERSION = 1.0;
				PRODUCT_BUNDLE_IDENTIFIER = com.selcukbaki.Tiktok;
				PRODUCT_NAME = "$(TARGET_NAME)";
				SWIFT_EMIT_LOC_STRINGS = YES;
				SWIFT_VERSION = 5.0;
				TARGETED_DEVICE_FAMILY = "1,2";
			};
			name = Debug;
		};
		A1FB3B2327E08C8B005CBC78 /* Release */ = {
			isa = XCBuildConfiguration;
			buildSettings = {
				ASSETCATALOG_COMPILER_APPICON_NAME = AppIcon;
				ASSETCATALOG_COMPILER_GLOBAL_ACCENT_COLOR_NAME = AccentColor;
				CODE_SIGN_STYLE = Automatic;
				CURRENT_PROJECT_VERSION = 1;
				DEVELOPMENT_ASSET_PATHS = "\"Tiktok/Preview Content\"";
				DEVELOPMENT_TEAM = 35KVTA4YKJ;
				ENABLE_PREVIEWS = YES;
				GENERATE_INFOPLIST_FILE = YES;
				INFOPLIST_KEY_UIApplicationSceneManifest_Generation = YES;
				INFOPLIST_KEY_UIApplicationSupportsIndirectInputEvents = YES;
				INFOPLIST_KEY_UILaunchScreen_Generation = YES;
				INFOPLIST_KEY_UISupportedInterfaceOrientations_iPad = "UIInterfaceOrientationPortrait UIInterfaceOrientationPortraitUpsideDown UIInterfaceOrientationLandscapeLeft UIInterfaceOrientationLandscapeRight";
				INFOPLIST_KEY_UISupportedInterfaceOrientations_iPhone = "UIInterfaceOrientationPortrait UIInterfaceOrientationLandscapeLeft UIInterfaceOrientationLandscapeRight";
				LD_RUNPATH_SEARCH_PATHS = (
					"$(inherited)",
					"@executable_path/Frameworks",
				);
				MARKETING_VERSION = 1.0;
				PRODUCT_BUNDLE_IDENTIFIER = com.selcukbaki.Tiktok;
				PRODUCT_NAME = "$(TARGET_NAME)";
				SWIFT_EMIT_LOC_STRINGS = YES;
				SWIFT_VERSION = 5.0;
				TARGETED_DEVICE_FAMILY = "1,2";
			};
			name = Release;
		};
/* End XCBuildConfiguration section */

/* Begin XCConfigurationList section */
		A1FB3B0E27E08C86005CBC78 /* Build configuration list for PBXProject "Tiktok" */ = {
			isa = XCConfigurationList;
			buildConfigurations = (
				A1FB3B1F27E08C8B005CBC78 /* Debug */,
				A1FB3B2027E08C8B005CBC78 /* Release */,
			);
			defaultConfigurationIsVisible = 0;
			defaultConfigurationName = Release;
		};
		A1FB3B2127E08C8B005CBC78 /* Build configuration list for PBXNativeTarget "Tiktok" */ = {
			isa = XCConfigurationList;
			buildConfigurations = (
				A1FB3B2227E08C8B005CBC78 /* Debug */,
				A1FB3B2327E08C8B005CBC78 /* Release */,
			);
			defaultConfigurationIsVisible = 0;
			defaultConfigurationName = Release;
		};
/* End XCConfigurationList section */
	};
	rootObject = A1FB3B0B27E08C86005CBC78 /* Project object */;
}
